{
  "name": "js",
  "lockfileVersion": 2,
  "requires": true,
  "packages": {
    "": {
      "dependencies": {
        "@visx/axis": "2.10.0",
        "@visx/curve": "2.1.0",
        "@visx/event": "2.6.0",
        "@visx/gradient": "2.10.0",
        "@visx/responsive": "2.10.0",
        "@visx/scale": "2.2.2",
        "@visx/shape": "2.10.0",
        "@visx/tooltip": "2.10.0",
        "alpinejs": "^3.10.2",
        "d3-array": "3.1.6",
        "react": "18.1.0",
        "react-dom": "18.1.0"
      }
    },
    "node_modules/@juggle/resize-observer": {
      "version": "3.3.1",
      "resolved": "https://registry.npmjs.org/@juggle/resize-observer/-/resize-observer-3.3.1.tgz",
      "integrity": "sha512-zMM9Ds+SawiUkakS7y94Ymqx+S0ORzpG3frZirN3l+UlXUmSUR7hF4wxCVqW+ei94JzV5kt0uXBcoOEAuiydrw=="
    },
    "node_modules/@types/d3-color": {
      "version": "1.4.2",
      "resolved": "https://registry.npmjs.org/@types/d3-color/-/d3-color-1.4.2.tgz",
      "integrity": "sha512-fYtiVLBYy7VQX+Kx7wU/uOIkGQn8aAEY8oWMoyja3N4dLd8Yf6XgSIR/4yWvMuveNOH5VShnqCgRqqh/UNanBA=="
    },
    "node_modules/@types/d3-interpolate": {
      "version": "1.4.2",
      "resolved": "https://registry.npmjs.org/@types/d3-interpolate/-/d3-interpolate-1.4.2.tgz",
      "integrity": "sha512-ylycts6llFf8yAEs1tXzx2loxxzDZHseuhPokrqKprTQSTcD3JbJI1omZP1rphsELZO3Q+of3ff0ZS7+O6yVzg==",
      "dependencies": {
        "@types/d3-color": "^1"
      }
    },
    "node_modules/@types/d3-path": {
      "version": "1.0.9",
      "resolved": "https://registry.npmjs.org/@types/d3-path/-/d3-path-1.0.9.tgz",
      "integrity": "sha512-NaIeSIBiFgSC6IGUBjZWcscUJEq7vpVu7KthHN8eieTV9d9MqkSOZLH4chq1PmcKy06PNe3axLeKmRIyxJ+PZQ=="
    },
    "node_modules/@types/d3-scale": {
      "version": "3.3.2",
      "resolved": "https://registry.npmjs.org/@types/d3-scale/-/d3-scale-3.3.2.tgz",
      "integrity": "sha512-gGqr7x1ost9px3FvIfUMi5XA/F/yAf4UkUDtdQhpH92XCT0Oa7zkkRzY61gPVJq+DxpHn/btouw5ohWkbBsCzQ==",
      "dependencies": {
        "@types/d3-time": "^2"
      }
    },
    "node_modules/@types/d3-shape": {
      "version": "1.3.8",
      "resolved": "https://registry.npmjs.org/@types/d3-shape/-/d3-shape-1.3.8.tgz",
      "integrity": "sha512-gqfnMz6Fd5H6GOLYixOZP/xlrMtJms9BaS+6oWxTKHNqPGZ93BkWWupQSCYm6YHqx6h9wjRupuJb90bun6ZaYg==",
      "dependencies": {
        "@types/d3-path": "^1"
      }
    },
    "node_modules/@types/d3-time": {
      "version": "2.1.1",
      "resolved": "https://registry.npmjs.org/@types/d3-time/-/d3-time-2.1.1.tgz",
      "integrity": "sha512-9MVYlmIgmRR31C5b4FVSWtuMmBHh2mOWQYfl7XAYOa8dsnb7iEmUmRSWSFgXFtkjxO65d7hTUHQC+RhR/9IWFg=="
    },
    "node_modules/@types/lodash": {
      "version": "4.14.182",
      "resolved": "https://registry.npmjs.org/@types/lodash/-/lodash-4.14.182.tgz",
      "integrity": "sha512-/THyiqyQAP9AfARo4pF+aCGcyiQ94tX/Is2I7HofNRqoYLgN1PBoOWu2/zTA5zMxzP5EFutMtWtGAFRKUe961Q=="
    },
    "node_modules/@types/prop-types": {
      "version": "15.7.5",
      "resolved": "https://registry.npmjs.org/@types/prop-types/-/prop-types-15.7.5.tgz",
      "integrity": "sha512-JCB8C6SnDoQf0cNycqd/35A7MjcnK+ZTqE7judS6o7utxUCg6imJg3QK2qzHKszlTjcj2cn+NwMB2i96ubpj7w=="
    },
    "node_modules/@types/react": {
      "version": "18.0.9",
      "resolved": "https://registry.npmjs.org/@types/react/-/react-18.0.9.tgz",
      "integrity": "sha512-9bjbg1hJHUm4De19L1cHiW0Jvx3geel6Qczhjd0qY5VKVE2X5+x77YxAepuCwVh4vrgZJdgEJw48zrhRIeF4Nw==",
      "dependencies": {
        "@types/prop-types": "*",
        "@types/scheduler": "*",
        "csstype": "^3.0.2"
      }
    },
    "node_modules/@types/react-dom": {
      "version": "18.0.5",
      "resolved": "https://registry.npmjs.org/@types/react-dom/-/react-dom-18.0.5.tgz",
      "integrity": "sha512-OWPWTUrY/NIrjsAPkAk1wW9LZeIjSvkXRhclsFO8CZcZGCOg2G0YZy4ft+rOyYxy8B7ui5iZzi9OkDebZ7/QSA==",
      "dependencies": {
        "@types/react": "*"
      }
    },
    "node_modules/@types/scheduler": {
      "version": "0.16.2",
      "resolved": "https://registry.npmjs.org/@types/scheduler/-/scheduler-0.16.2.tgz",
      "integrity": "sha512-hppQEBDmlwhFAXKJX2KnWLYu5yMfi91yazPb2l+lbJiwW+wdo1gNeRA+3RgNSO39WYX2euey41KEwnqesU2Jew=="
    },
    "node_modules/@visx/axis": {
      "version": "2.10.0",
      "resolved": "https://registry.npmjs.org/@visx/axis/-/axis-2.10.0.tgz",
      "integrity": "sha512-myEcXPzD7ZmKiXuhue2lpiuTDgl3Glhe1LB+xoUDS8ZAW76Asd6PwurjoxSnq3tHCz0EDBh7YlgApeFy3Bw38A==",
      "dependencies": {
        "@types/react": "*",
        "@visx/group": "2.10.0",
        "@visx/point": "2.6.0",
        "@visx/scale": "2.2.2",
        "@visx/shape": "2.10.0",
        "@visx/text": "2.10.0",
        "classnames": "^2.3.1",
        "prop-types": "^15.6.0"
      },
      "peerDependencies": {
        "react": "^16.3.0-0 || ^17.0.0-0 || ^18.0.0-0"
      }
    },
    "node_modules/@visx/bounds": {
      "version": "2.10.0",
      "resolved": "https://registry.npmjs.org/@visx/bounds/-/bounds-2.10.0.tgz",
      "integrity": "sha512-rY7WFTIjQaXA8tFL45O2qbtSRkyF4yF75HiWz06F7BVmJ9UjF2qlomB3Y1z6gk6ZiFhwQ4zxABjOVjAQPLn7nQ==",
      "dependencies": {
        "@types/react": "*",
        "@types/react-dom": "*",
        "prop-types": "^15.5.10"
      },
      "peerDependencies": {
        "react": "^16.0.0-0 || ^17.0.0-0 || ^18.0.0-0",
        "react-dom": "^16.0.0-0 || ^17.0.0-0 || ^18.0.0-0"
      }
    },
    "node_modules/@visx/curve": {
      "version": "2.1.0",
      "resolved": "https://registry.npmjs.org/@visx/curve/-/curve-2.1.0.tgz",
      "integrity": "sha512-9b6JOnx91gmOQiSPhUOxdsvcnW88fgqfTPKoVgQxidMsD/I3wksixtwo8TR/vtEz2aHzzsEEhlv1qK7Y3yaSDw==",
      "dependencies": {
        "@types/d3-shape": "^1.3.1",
        "d3-shape": "^1.0.6"
      }
    },
    "node_modules/@visx/event": {
      "version": "2.6.0",
      "resolved": "https://registry.npmjs.org/@visx/event/-/event-2.6.0.tgz",
      "integrity": "sha512-WGp91g82s727g3NAnENF1ppC3ZAlvWg+Y+GG0WFg34NmmOZbvPI/PTOqTqZE3x6B8EUn8NJiMxRjxIMbi+IvRw==",
      "dependencies": {
        "@types/react": "*",
        "@visx/point": "2.6.0"
      }
    },
    "node_modules/@visx/gradient": {
      "version": "2.10.0",
      "resolved": "https://registry.npmjs.org/@visx/gradient/-/gradient-2.10.0.tgz",
      "integrity": "sha512-qxmIFY7aRcz0BqaH3gX0tYJu6cOJZhjTzPnHCuuxOjlF28fDDaAVG+oRqlZzYBMAvlWJ9s5qtDou7OvKJF/+2g==",
      "dependencies": {
        "@types/react": "*",
        "prop-types": "^15.5.7"
      },
      "peerDependencies": {
        "react": "^16.0.0-0 || ^17.0.0-0 || ^18.0.0-0"
      }
    },
    "node_modules/@visx/group": {
      "version": "2.10.0",
      "resolved": "https://registry.npmjs.org/@visx/group/-/group-2.10.0.tgz",
      "integrity": "sha512-DNJDX71f65Et1+UgQvYlZbE66owYUAfcxTkC96Db6TnxV221VKI3T5l23UWbnMzwFBP9dR3PWUjjqhhF12N5pA==",
      "dependencies": {
        "@types/react": "*",
        "classnames": "^2.3.1",
        "prop-types": "^15.6.2"
      },
      "peerDependencies": {
        "react": "^16.0.0-0 || ^17.0.0-0 || ^18.0.0-0"
      }
    },
    "node_modules/@visx/point": {
      "version": "2.6.0",
      "resolved": "https://registry.npmjs.org/@visx/point/-/point-2.6.0.tgz",
      "integrity": "sha512-amBi7yMz4S2VSchlPdliznN41TuES64506ySI22DeKQ+mc1s1+BudlpnY90sM1EIw4xnqbKmrghTTGfy6SVqvQ=="
    },
    "node_modules/@visx/responsive": {
      "version": "2.10.0",
      "resolved": "https://registry.npmjs.org/@visx/responsive/-/responsive-2.10.0.tgz",
      "integrity": "sha512-NssDPpuUYp7hqVISuYkKZ5zk6ob0++RdTIaUjRcUdyFEbvzb9+zIb8QToOkvI90L2EC/MY4Jx0NpDbEe79GpAw==",
      "dependencies": {
        "@juggle/resize-observer": "^3.3.1",
        "@types/lodash": "^4.14.172",
        "@types/react": "*",
        "lodash": "^4.17.21",
        "prop-types": "^15.6.1"
      },
      "peerDependencies": {
        "react": "^16.0.0-0 || ^17.0.0-0 || ^18.0.0-0"
      }
    },
    "node_modules/@visx/scale": {
      "version": "2.2.2",
      "resolved": "https://registry.npmjs.org/@visx/scale/-/scale-2.2.2.tgz",
      "integrity": "sha512-3aDySGUTpe6VykDQmF+g2nz5paFu9iSPTcCOEgkcru0/v5tmGzUdvivy8CkYbr87HN73V/Jc53lGm+kJUQcLBw==",
      "dependencies": {
        "@types/d3-interpolate": "^1.3.1",
        "@types/d3-scale": "^3.3.0",
        "@types/d3-time": "^2.0.0",
        "d3-interpolate": "^1.4.0",
        "d3-scale": "^3.3.0",
        "d3-time": "^2.1.1"
      }
    },
    "node_modules/@visx/shape": {
      "version": "2.10.0",
      "resolved": "https://registry.npmjs.org/@visx/shape/-/shape-2.10.0.tgz",
      "integrity": "sha512-aRQBfclEWEPDmQmnB+BGN9Issg7u9lLrZ5LUSI3gfR9WAAHoNldxjpHRcYx8Y16A3YlCFVgWIBBL7pH0XUYcCA==",
      "dependencies": {
        "@types/d3-path": "^1.0.8",
        "@types/d3-shape": "^1.3.1",
        "@types/lodash": "^4.14.172",
        "@types/react": "*",
        "@visx/curve": "2.1.0",
        "@visx/group": "2.10.0",
        "@visx/scale": "2.2.2",
        "classnames": "^2.3.1",
        "d3-path": "^1.0.5",
        "d3-shape": "^1.2.0",
        "lodash": "^4.17.21",
        "prop-types": "^15.5.10"
      },
      "peerDependencies": {
        "react": "^16.3.0-0 || ^17.0.0-0 || ^18.0.0-0"
      }
    },
    "node_modules/@visx/text": {
      "version": "2.10.0",
      "resolved": "https://registry.npmjs.org/@visx/text/-/text-2.10.0.tgz",
      "integrity": "sha512-Wbt0Mq130akOahaby2Ziwkr62LuK6td9RcIWI9o4xsLE7GCIkxeUiVci0YUo2yewgwOLwR9F1guPuHPqYd+eYg==",
      "dependencies": {
        "@types/lodash": "^4.14.172",
        "@types/react": "*",
        "classnames": "^2.3.1",
        "lodash": "^4.17.21",
        "prop-types": "^15.7.2",
        "reduce-css-calc": "^1.3.0"
      },
      "peerDependencies": {
        "react": "^16.3.0-0 || ^17.0.0-0 || ^18.0.0-0"
      }
    },
    "node_modules/@visx/tooltip": {
      "version": "2.10.0",
      "resolved": "https://registry.npmjs.org/@visx/tooltip/-/tooltip-2.10.0.tgz",
      "integrity": "sha512-6Zrd79MIEfyuLBcZ1ypSeAkpQc8oLRNB7FQnegzl3Lje4LK5lJtuf5ST0mwK6G2Uv+GlOW9REJ6VK4gfAGkq9A==",
      "dependencies": {
        "@types/react": "*",
        "@visx/bounds": "2.10.0",
        "classnames": "^2.3.1",
        "prop-types": "^15.5.10",
        "react-use-measure": "^2.0.4"
      },
      "peerDependencies": {
        "react": "^16.8.0-0 || ^17.0.0-0 || ^18.0.0-0",
        "react-dom": "^16.8.0-0 || ^17.0.0-0 || ^18.0.0-0"
      }
    },
    "node_modules/@vue/reactivity": {
      "version": "3.1.5",
      "resolved": "https://registry.npmjs.org/@vue/reactivity/-/reactivity-3.1.5.tgz",
      "integrity": "sha512-1tdfLmNjWG6t/CsPldh+foumYFo3cpyCHgBYQ34ylaMsJ+SNHQ1kApMIa8jN+i593zQuaw3AdWH0nJTARzCFhg==",
      "dependencies": {
        "@vue/shared": "3.1.5"
      }
    },
    "node_modules/@vue/shared": {
      "version": "3.1.5",
      "resolved": "https://registry.npmjs.org/@vue/shared/-/shared-3.1.5.tgz",
      "integrity": "sha512-oJ4F3TnvpXaQwZJNF3ZK+kLPHKarDmJjJ6jyzVNDKH9md1dptjC7lWR//jrGuLdek/U6iltWxqAnYOu8gCiOvA=="
    },
    "node_modules/alpinejs": {
      "version": "3.10.2",
      "resolved": "https://registry.npmjs.org/alpinejs/-/alpinejs-3.10.2.tgz",
      "integrity": "sha512-P6DTX78J94FgsskS3eS23s26hfb0NWQZUidBnkUK7fId1x64/kLm5E79lL3HNItUmHDCKOHvfP8EAcuCVab89w==",
      "dependencies": {
        "@vue/reactivity": "~3.1.1"
      }
    },
    "node_modules/balanced-match": {
      "version": "0.4.2",
      "resolved": "https://registry.npmjs.org/balanced-match/-/balanced-match-0.4.2.tgz",
      "integrity": "sha512-STw03mQKnGUYtoNjmowo4F2cRmIIxYEGiMsjjwla/u5P1lxadj/05WkNaFjNiKTgJkj8KiXbgAiRTmcQRwQNtg=="
    },
    "node_modules/classnames": {
      "version": "2.3.1",
      "resolved": "https://registry.npmjs.org/classnames/-/classnames-2.3.1.tgz",
      "integrity": "sha512-OlQdbZ7gLfGarSqxesMesDa5uz7KFbID8Kpq/SxIoNGDqY8lSYs0D+hhtBXhcdB3rcbXArFr7vlHheLk1voeNA=="
    },
    "node_modules/csstype": {
      "version": "3.1.0",
      "resolved": "https://registry.npmjs.org/csstype/-/csstype-3.1.0.tgz",
      "integrity": "sha512-uX1KG+x9h5hIJsaKR9xHUeUraxf8IODOwq9JLNPq6BwB04a/xgpq3rcx47l5BZu5zBPlgD342tdke3Hom/nJRA=="
    },
    "node_modules/d3-array": {
      "version": "3.1.6",
      "resolved": "https://registry.npmjs.org/d3-array/-/d3-array-3.1.6.tgz",
      "integrity": "sha512-DCbBBNuKOeiR9h04ySRBMW52TFVc91O9wJziuyXw6Ztmy8D3oZbmCkOO3UHKC7ceNJsN2Mavo9+vwV8EAEUXzA==",
      "dependencies": {
        "internmap": "1 - 2"
      },
      "engines": {
        "node": ">=12"
      }
    },
    "node_modules/d3-color": {
      "version": "1.4.1",
      "resolved": "https://registry.npmjs.org/d3-color/-/d3-color-1.4.1.tgz",
      "integrity": "sha512-p2sTHSLCJI2QKunbGb7ocOh7DgTAn8IrLx21QRc/BSnodXM4sv6aLQlnfpvehFMLZEfBc6g9pH9SWQccFYfJ9Q=="
    },
    "node_modules/d3-format": {
      "version": "2.0.0",
      "resolved": "https://registry.npmjs.org/d3-format/-/d3-format-2.0.0.tgz",
      "integrity": "sha512-Ab3S6XuE/Q+flY96HXT0jOXcM4EAClYFnRGY5zsjRGNy6qCYrQsMffs7cV5Q9xejb35zxW5hf/guKw34kvIKsA=="
    },
    "node_modules/d3-interpolate": {
      "version": "1.4.0",
      "resolved": "https://registry.npmjs.org/d3-interpolate/-/d3-interpolate-1.4.0.tgz",
      "integrity": "sha512-V9znK0zc3jOPV4VD2zZn0sDhZU3WAE2bmlxdIwwQPPzPjvyLkd8B3JUVdS1IDUFDkWZ72c9qnv1GK2ZagTZ8EA==",
      "dependencies": {
        "d3-color": "1"
      }
    },
    "node_modules/d3-path": {
      "version": "1.0.9",
      "resolved": "https://registry.npmjs.org/d3-path/-/d3-path-1.0.9.tgz",
      "integrity": "sha512-VLaYcn81dtHVTjEHd8B+pbe9yHWpXKZUC87PzoFmsFrJqgFwDe/qxfp5MlfsfM1V5E/iVt0MmEbWQ7FVIXh/bg=="
    },
    "node_modules/d3-scale": {
      "version": "3.3.0",
      "resolved": "https://registry.npmjs.org/d3-scale/-/d3-scale-3.3.0.tgz",
      "integrity": "sha512-1JGp44NQCt5d1g+Yy+GeOnZP7xHo0ii8zsQp6PGzd+C1/dl0KGsp9A7Mxwp+1D1o4unbTTxVdU/ZOIEBoeZPbQ==",
      "dependencies": {
        "d3-array": "^2.3.0",
        "d3-format": "1 - 2",
        "d3-interpolate": "1.2.0 - 2",
        "d3-time": "^2.1.1",
        "d3-time-format": "2 - 3"
      }
    },
    "node_modules/d3-scale/node_modules/d3-array": {
      "version": "2.12.1",
      "resolved": "https://registry.npmjs.org/d3-array/-/d3-array-2.12.1.tgz",
      "integrity": "sha512-B0ErZK/66mHtEsR1TkPEEkwdy+WDesimkM5gpZr5Dsg54BiTA5RXtYW5qTLIAcekaS9xfZrzBLF/OAkB3Qn1YQ==",
      "dependencies": {
        "internmap": "^1.0.0"
      }
    },
    "node_modules/d3-scale/node_modules/internmap": {
      "version": "1.0.1",
      "resolved": "https://registry.npmjs.org/internmap/-/internmap-1.0.1.tgz",
      "integrity": "sha512-lDB5YccMydFBtasVtxnZ3MRBHuaoE8GKsppq+EchKL2U4nK/DmEpPHNH8MZe5HkMtpSiTSOZwfN0tzYjO/lJEw=="
    },
    "node_modules/d3-shape": {
      "version": "1.3.7",
      "resolved": "https://registry.npmjs.org/d3-shape/-/d3-shape-1.3.7.tgz",
      "integrity": "sha512-EUkvKjqPFUAZyOlhY5gzCxCeI0Aep04LwIRpsZ/mLFelJiUfnK56jo5JMDSE7yyP2kLSb6LtF+S5chMk7uqPqw==",
      "dependencies": {
        "d3-path": "1"
      }
    },
    "node_modules/d3-time": {
      "version": "2.1.1",
      "resolved": "https://registry.npmjs.org/d3-time/-/d3-time-2.1.1.tgz",
      "integrity": "sha512-/eIQe/eR4kCQwq7yxi7z4c6qEXf2IYGcjoWB5OOQy4Tq9Uv39/947qlDcN2TLkiTzQWzvnsuYPB9TrWaNfipKQ==",
      "dependencies": {
        "d3-array": "2"
      }
    },
    "node_modules/d3-time-format": {
      "version": "3.0.0",
      "resolved": "https://registry.npmjs.org/d3-time-format/-/d3-time-format-3.0.0.tgz",
      "integrity": "sha512-UXJh6EKsHBTjopVqZBhFysQcoXSv/5yLONZvkQ5Kk3qbwiUYkdX17Xa1PT6U1ZWXGGfB1ey5L8dKMlFq2DO0Ag==",
      "dependencies": {
        "d3-time": "1 - 2"
      }
    },
    "node_modules/d3-time/node_modules/d3-array": {
      "version": "2.12.1",
      "resolved": "https://registry.npmjs.org/d3-array/-/d3-array-2.12.1.tgz",
      "integrity": "sha512-B0ErZK/66mHtEsR1TkPEEkwdy+WDesimkM5gpZr5Dsg54BiTA5RXtYW5qTLIAcekaS9xfZrzBLF/OAkB3Qn1YQ==",
      "dependencies": {
        "internmap": "^1.0.0"
      }
    },
    "node_modules/d3-time/node_modules/internmap": {
      "version": "1.0.1",
      "resolved": "https://registry.npmjs.org/internmap/-/internmap-1.0.1.tgz",
      "integrity": "sha512-lDB5YccMydFBtasVtxnZ3MRBHuaoE8GKsppq+EchKL2U4nK/DmEpPHNH8MZe5HkMtpSiTSOZwfN0tzYjO/lJEw=="
    },
    "node_modules/debounce": {
      "version": "1.2.1",
      "resolved": "https://registry.npmjs.org/debounce/-/debounce-1.2.1.tgz",
      "integrity": "sha512-XRRe6Glud4rd/ZGQfiV1ruXSfbvfJedlV9Y6zOlP+2K04vBYiJEte6stfFkCP03aMnY5tsipamumUjL14fofug=="
    },
    "node_modules/internmap": {
      "version": "2.0.3",
      "resolved": "https://registry.npmjs.org/internmap/-/internmap-2.0.3.tgz",
      "integrity": "sha512-5Hh7Y1wQbvY5ooGgPbDaL5iYLAPzMTUrjMulskHLH6wnv/A+1q5rgEaiuqEjB+oxGXIVZs1FF+R/KPN3ZSQYYg==",
      "engines": {
        "node": ">=12"
      }
    },
    "node_modules/js-tokens": {
      "version": "4.0.0",
      "resolved": "https://registry.npmjs.org/js-tokens/-/js-tokens-4.0.0.tgz",
      "integrity": "sha512-RdJUflcE3cUzKiMqQgsCu06FPu9UdIJO0beYbPhHN4k6apgJtifcoCtT9bcxOpYBtpD2kCM6Sbzg4CausW/PKQ=="
    },
    "node_modules/lodash": {
      "version": "4.17.21",
      "resolved": "https://registry.npmjs.org/lodash/-/lodash-4.17.21.tgz",
      "integrity": "sha512-v2kDEe57lecTulaDIuNTPy3Ry4gLGJ6Z1O3vE1krgXZNrsQ+LFTGHVxVjcXPs17LhbZVGedAJv8XZ1tvj5FvSg=="
    },
    "node_modules/loose-envify": {
      "version": "1.4.0",
      "resolved": "https://registry.npmjs.org/loose-envify/-/loose-envify-1.4.0.tgz",
      "integrity": "sha512-lyuxPGr/Wfhrlem2CL/UcnUc1zcqKAImBDzukY7Y5F/yQiNdko6+fRLevlw1HgMySw7f611UIY408EtxRSoK3Q==",
      "dependencies": {
        "js-tokens": "^3.0.0 || ^4.0.0"
      },
      "bin": {
        "loose-envify": "cli.js"
      }
    },
    "node_modules/math-expression-evaluator": {
      "version": "1.3.14",
      "resolved": "https://registry.npmjs.org/math-expression-evaluator/-/math-expression-evaluator-1.3.14.tgz",
      "integrity": "sha512-M6AMrvq9bO8uL42KvQHPA2/SbAobA0R7gviUmPrcTcGfdwpaLitz4q2Euzx2lP9Oy88vxK3HOrsISgSwKsYS4A=="
    },
    "node_modules/object-assign": {
      "version": "4.1.1",
      "resolved": "https://registry.npmjs.org/object-assign/-/object-assign-4.1.1.tgz",
      "integrity": "sha1-IQmtx5ZYh8/AXLvUQsrIv7s2CGM=",
      "engines": {
        "node": ">=0.10.0"
      }
    },
    "node_modules/prop-types": {
      "version": "15.8.1",
      "resolved": "https://registry.npmjs.org/prop-types/-/prop-types-15.8.1.tgz",
      "integrity": "sha512-oj87CgZICdulUohogVAR7AjlC0327U4el4L6eAvOqCeudMDVU0NThNaV+b9Df4dXgSP1gXMTnPdhfe/2qDH5cg==",
      "dependencies": {
        "loose-envify": "^1.4.0",
        "object-assign": "^4.1.1",
        "react-is": "^16.13.1"
      }
    },
    "node_modules/react": {
      "version": "18.1.0",
      "resolved": "https://registry.npmjs.org/react/-/react-18.1.0.tgz",
      "integrity": "sha512-4oL8ivCz5ZEPyclFQXaNksK3adutVS8l2xzZU0cqEFrE9Sb7fC0EFK5uEk74wIreL1DERyjvsU915j1pcT2uEQ==",
      "dependencies": {
        "loose-envify": "^1.1.0"
      },
      "engines": {
        "node": ">=0.10.0"
      }
    },
    "node_modules/react-dom": {
      "version": "18.1.0",
      "resolved": "https://registry.npmjs.org/react-dom/-/react-dom-18.1.0.tgz",
      "integrity": "sha512-fU1Txz7Budmvamp7bshe4Zi32d0ll7ect+ccxNu9FlObT605GOEB8BfO4tmRJ39R5Zj831VCpvQ05QPBW5yb+w==",
      "dependencies": {
        "loose-envify": "^1.1.0",
        "scheduler": "^0.22.0"
      },
      "peerDependencies": {
        "react": "^18.1.0"
      }
    },
    "node_modules/react-is": {
      "version": "16.13.1",
      "resolved": "https://registry.npmjs.org/react-is/-/react-is-16.13.1.tgz",
      "integrity": "sha512-24e6ynE2H+OKt4kqsOvNd8kBpV65zoxbA4BVsEOB3ARVWQki/DHzaUoC5KuON/BiccDaCCTZBuOcfZs70kR8bQ=="
    },
    "node_modules/react-use-measure": {
      "version": "2.1.1",
      "resolved": "https://registry.npmjs.org/react-use-measure/-/react-use-measure-2.1.1.tgz",
      "integrity": "sha512-nocZhN26cproIiIduswYpV5y5lQpSQS1y/4KuvUCjSKmw7ZWIS/+g3aFnX3WdBkyuGUtTLif3UTqnLLhbDoQig==",
      "dependencies": {
        "debounce": "^1.2.1"
      },
      "peerDependencies": {
        "react": ">=16.13",
        "react-dom": ">=16.13"
      }
    },
    "node_modules/reduce-css-calc": {
      "version": "1.3.0",
      "resolved": "https://registry.npmjs.org/reduce-css-calc/-/reduce-css-calc-1.3.0.tgz",
      "integrity": "sha1-dHyRTgSWFKTJz7umKYca0dKSdxY=",
      "dependencies": {
        "balanced-match": "^0.4.2",
        "math-expression-evaluator": "^1.2.14",
        "reduce-function-call": "^1.0.1"
      }
    },
    "node_modules/reduce-function-call": {
      "version": "1.0.3",
      "resolved": "https://registry.npmjs.org/reduce-function-call/-/reduce-function-call-1.0.3.tgz",
      "integrity": "sha512-Hl/tuV2VDgWgCSEeWMLwxLZqX7OK59eU1guxXsRKTAyeYimivsKdtcV4fu3r710tpG5GmDKDhQ0HSZLExnNmyQ==",
      "dependencies": {
        "balanced-match": "^1.0.0"
      }
    },
    "node_modules/reduce-function-call/node_modules/balanced-match": {
      "version": "1.0.2",
      "resolved": "https://registry.npmjs.org/balanced-match/-/balanced-match-1.0.2.tgz",
      "integrity": "sha512-3oSeUO0TMV67hN1AmbXsK4yaqU7tjiHlbxRDZOpH0KW9+CeX4bRAaX0Anxt0tx2MrpRpWwQaPwIlISEJhYU5Pw=="
    },
    "node_modules/scheduler": {
      "version": "0.22.0",
      "resolved": "https://registry.npmjs.org/scheduler/-/scheduler-0.22.0.tgz",
      "integrity": "sha512-6QAm1BgQI88NPYymgGQLCZgvep4FyePDWFpXVK+zNSUgHwlqpJy8VEh8Et0KxTACS4VWwMousBElAZOH9nkkoQ==",
      "dependencies": {
        "loose-envify": "^1.1.0"
      }
    }
  },
  "dependencies": {
    "@juggle/resize-observer": {
      "version": "3.3.1",
      "resolved": "https://registry.npmjs.org/@juggle/resize-observer/-/resize-observer-3.3.1.tgz",
      "integrity": "sha512-zMM9Ds+SawiUkakS7y94Ymqx+S0ORzpG3frZirN3l+UlXUmSUR7hF4wxCVqW+ei94JzV5kt0uXBcoOEAuiydrw=="
    },
    "@types/d3-color": {
      "version": "1.4.2",
      "resolved": "https://registry.npmjs.org/@types/d3-color/-/d3-color-1.4.2.tgz",
      "integrity": "sha512-fYtiVLBYy7VQX+Kx7wU/uOIkGQn8aAEY8oWMoyja3N4dLd8Yf6XgSIR/4yWvMuveNOH5VShnqCgRqqh/UNanBA=="
    },
    "@types/d3-interpolate": {
      "version": "1.4.2",
      "resolved": "https://registry.npmjs.org/@types/d3-interpolate/-/d3-interpolate-1.4.2.tgz",
      "integrity": "sha512-ylycts6llFf8yAEs1tXzx2loxxzDZHseuhPokrqKprTQSTcD3JbJI1omZP1rphsELZO3Q+of3ff0ZS7+O6yVzg==",
      "requires": {
        "@types/d3-color": "^1"
      }
    },
    "@types/d3-path": {
      "version": "1.0.9",
      "resolved": "https://registry.npmjs.org/@types/d3-path/-/d3-path-1.0.9.tgz",
      "integrity": "sha512-NaIeSIBiFgSC6IGUBjZWcscUJEq7vpVu7KthHN8eieTV9d9MqkSOZLH4chq1PmcKy06PNe3axLeKmRIyxJ+PZQ=="
    },
    "@types/d3-scale": {
      "version": "3.3.2",
      "resolved": "https://registry.npmjs.org/@types/d3-scale/-/d3-scale-3.3.2.tgz",
      "integrity": "sha512-gGqr7x1ost9px3FvIfUMi5XA/F/yAf4UkUDtdQhpH92XCT0Oa7zkkRzY61gPVJq+DxpHn/btouw5ohWkbBsCzQ==",
      "requires": {
        "@types/d3-time": "^2"
      }
    },
    "@types/d3-shape": {
      "version": "1.3.8",
      "resolved": "https://registry.npmjs.org/@types/d3-shape/-/d3-shape-1.3.8.tgz",
      "integrity": "sha512-gqfnMz6Fd5H6GOLYixOZP/xlrMtJms9BaS+6oWxTKHNqPGZ93BkWWupQSCYm6YHqx6h9wjRupuJb90bun6ZaYg==",
      "requires": {
        "@types/d3-path": "^1"
      }
    },
    "@types/d3-time": {
      "version": "2.1.1",
      "resolved": "https://registry.npmjs.org/@types/d3-time/-/d3-time-2.1.1.tgz",
      "integrity": "sha512-9MVYlmIgmRR31C5b4FVSWtuMmBHh2mOWQYfl7XAYOa8dsnb7iEmUmRSWSFgXFtkjxO65d7hTUHQC+RhR/9IWFg=="
    },
    "@types/lodash": {
      "version": "4.14.182",
      "resolved": "https://registry.npmjs.org/@types/lodash/-/lodash-4.14.182.tgz",
      "integrity": "sha512-/THyiqyQAP9AfARo4pF+aCGcyiQ94tX/Is2I7HofNRqoYLgN1PBoOWu2/zTA5zMxzP5EFutMtWtGAFRKUe961Q=="
    },
    "@types/prop-types": {
      "version": "15.7.5",
      "resolved": "https://registry.npmjs.org/@types/prop-types/-/prop-types-15.7.5.tgz",
      "integrity": "sha512-JCB8C6SnDoQf0cNycqd/35A7MjcnK+ZTqE7judS6o7utxUCg6imJg3QK2qzHKszlTjcj2cn+NwMB2i96ubpj7w=="
    },
    "@types/react": {
      "version": "18.0.9",
      "resolved": "https://registry.npmjs.org/@types/react/-/react-18.0.9.tgz",
      "integrity": "sha512-9bjbg1hJHUm4De19L1cHiW0Jvx3geel6Qczhjd0qY5VKVE2X5+x77YxAepuCwVh4vrgZJdgEJw48zrhRIeF4Nw==",
      "requires": {
        "@types/prop-types": "*",
        "@types/scheduler": "*",
        "csstype": "^3.0.2"
      }
    },
    "@types/react-dom": {
      "version": "18.0.5",
      "resolved": "https://registry.npmjs.org/@types/react-dom/-/react-dom-18.0.5.tgz",
      "integrity": "sha512-OWPWTUrY/NIrjsAPkAk1wW9LZeIjSvkXRhclsFO8CZcZGCOg2G0YZy4ft+rOyYxy8B7ui5iZzi9OkDebZ7/QSA==",
      "requires": {
        "@types/react": "*"
      }
    },
    "@types/scheduler": {
      "version": "0.16.2",
      "resolved": "https://registry.npmjs.org/@types/scheduler/-/scheduler-0.16.2.tgz",
      "integrity": "sha512-hppQEBDmlwhFAXKJX2KnWLYu5yMfi91yazPb2l+lbJiwW+wdo1gNeRA+3RgNSO39WYX2euey41KEwnqesU2Jew=="
    },
    "@visx/axis": {
      "version": "2.10.0",
      "resolved": "https://registry.npmjs.org/@visx/axis/-/axis-2.10.0.tgz",
      "integrity": "sha512-myEcXPzD7ZmKiXuhue2lpiuTDgl3Glhe1LB+xoUDS8ZAW76Asd6PwurjoxSnq3tHCz0EDBh7YlgApeFy3Bw38A==",
      "requires": {
        "@types/react": "*",
        "@visx/group": "2.10.0",
        "@visx/point": "2.6.0",
        "@visx/scale": "2.2.2",
        "@visx/shape": "2.10.0",
        "@visx/text": "2.10.0",
        "classnames": "^2.3.1",
        "prop-types": "^15.6.0"
      }
    },
    "@visx/bounds": {
      "version": "2.10.0",
      "resolved": "https://registry.npmjs.org/@visx/bounds/-/bounds-2.10.0.tgz",
      "integrity": "sha512-rY7WFTIjQaXA8tFL45O2qbtSRkyF4yF75HiWz06F7BVmJ9UjF2qlomB3Y1z6gk6ZiFhwQ4zxABjOVjAQPLn7nQ==",
      "requires": {
        "@types/react": "*",
        "@types/react-dom": "*",
        "prop-types": "^15.5.10"
      }
    },
    "@visx/curve": {
      "version": "2.1.0",
      "resolved": "https://registry.npmjs.org/@visx/curve/-/curve-2.1.0.tgz",
      "integrity": "sha512-9b6JOnx91gmOQiSPhUOxdsvcnW88fgqfTPKoVgQxidMsD/I3wksixtwo8TR/vtEz2aHzzsEEhlv1qK7Y3yaSDw==",
      "requires": {
        "@types/d3-shape": "^1.3.1",
        "d3-shape": "^1.0.6"
      }
    },
    "@visx/event": {
      "version": "2.6.0",
      "resolved": "https://registry.npmjs.org/@visx/event/-/event-2.6.0.tgz",
      "integrity": "sha512-WGp91g82s727g3NAnENF1ppC3ZAlvWg+Y+GG0WFg34NmmOZbvPI/PTOqTqZE3x6B8EUn8NJiMxRjxIMbi+IvRw==",
      "requires": {
        "@types/react": "*",
        "@visx/point": "2.6.0"
      }
    },
    "@visx/gradient": {
      "version": "2.10.0",
      "resolved": "https://registry.npmjs.org/@visx/gradient/-/gradient-2.10.0.tgz",
      "integrity": "sha512-qxmIFY7aRcz0BqaH3gX0tYJu6cOJZhjTzPnHCuuxOjlF28fDDaAVG+oRqlZzYBMAvlWJ9s5qtDou7OvKJF/+2g==",
      "requires": {
        "@types/react": "*",
        "prop-types": "^15.5.7"
      }
    },
    "@visx/group": {
      "version": "2.10.0",
      "resolved": "https://registry.npmjs.org/@visx/group/-/group-2.10.0.tgz",
      "integrity": "sha512-DNJDX71f65Et1+UgQvYlZbE66owYUAfcxTkC96Db6TnxV221VKI3T5l23UWbnMzwFBP9dR3PWUjjqhhF12N5pA==",
      "requires": {
        "@types/react": "*",
        "classnames": "^2.3.1",
        "prop-types": "^15.6.2"
      }
    },
    "@visx/point": {
      "version": "2.6.0",
      "resolved": "https://registry.npmjs.org/@visx/point/-/point-2.6.0.tgz",
      "integrity": "sha512-amBi7yMz4S2VSchlPdliznN41TuES64506ySI22DeKQ+mc1s1+BudlpnY90sM1EIw4xnqbKmrghTTGfy6SVqvQ=="
    },
    "@visx/responsive": {
      "version": "2.10.0",
      "resolved": "https://registry.npmjs.org/@visx/responsive/-/responsive-2.10.0.tgz",
      "integrity": "sha512-NssDPpuUYp7hqVISuYkKZ5zk6ob0++RdTIaUjRcUdyFEbvzb9+zIb8QToOkvI90L2EC/MY4Jx0NpDbEe79GpAw==",
      "requires": {
        "@juggle/resize-observer": "^3.3.1",
        "@types/lodash": "^4.14.172",
        "@types/react": "*",
        "lodash": "^4.17.21",
        "prop-types": "^15.6.1"
      }
    },
    "@visx/scale": {
      "version": "2.2.2",
      "resolved": "https://registry.npmjs.org/@visx/scale/-/scale-2.2.2.tgz",
      "integrity": "sha512-3aDySGUTpe6VykDQmF+g2nz5paFu9iSPTcCOEgkcru0/v5tmGzUdvivy8CkYbr87HN73V/Jc53lGm+kJUQcLBw==",
      "requires": {
        "@types/d3-interpolate": "^1.3.1",
        "@types/d3-scale": "^3.3.0",
        "@types/d3-time": "^2.0.0",
        "d3-interpolate": "^1.4.0",
        "d3-scale": "^3.3.0",
        "d3-time": "^2.1.1"
      }
    },
    "@visx/shape": {
      "version": "2.10.0",
      "resolved": "https://registry.npmjs.org/@visx/shape/-/shape-2.10.0.tgz",
      "integrity": "sha512-aRQBfclEWEPDmQmnB+BGN9Issg7u9lLrZ5LUSI3gfR9WAAHoNldxjpHRcYx8Y16A3YlCFVgWIBBL7pH0XUYcCA==",
      "requires": {
        "@types/d3-path": "^1.0.8",
        "@types/d3-shape": "^1.3.1",
        "@types/lodash": "^4.14.172",
        "@types/react": "*",
        "@visx/curve": "2.1.0",
        "@visx/group": "2.10.0",
        "@visx/scale": "2.2.2",
        "classnames": "^2.3.1",
        "d3-path": "^1.0.5",
        "d3-shape": "^1.2.0",
        "lodash": "^4.17.21",
        "prop-types": "^15.5.10"
      }
    },
    "@visx/text": {
      "version": "2.10.0",
      "resolved": "https://registry.npmjs.org/@visx/text/-/text-2.10.0.tgz",
      "integrity": "sha512-Wbt0Mq130akOahaby2Ziwkr62LuK6td9RcIWI9o4xsLE7GCIkxeUiVci0YUo2yewgwOLwR9F1guPuHPqYd+eYg==",
      "requires": {
        "@types/lodash": "^4.14.172",
        "@types/react": "*",
        "classnames": "^2.3.1",
        "lodash": "^4.17.21",
        "prop-types": "^15.7.2",
        "reduce-css-calc": "^1.3.0"
      }
    },
    "@visx/tooltip": {
      "version": "2.10.0",
      "resolved": "https://registry.npmjs.org/@visx/tooltip/-/tooltip-2.10.0.tgz",
      "integrity": "sha512-6Zrd79MIEfyuLBcZ1ypSeAkpQc8oLRNB7FQnegzl3Lje4LK5lJtuf5ST0mwK6G2Uv+GlOW9REJ6VK4gfAGkq9A==",
      "requires": {
        "@types/react": "*",
        "@visx/bounds": "2.10.0",
        "classnames": "^2.3.1",
        "prop-types": "^15.5.10",
        "react-use-measure": "^2.0.4"
      }
    },
    "@vue/reactivity": {
      "version": "3.1.5",
      "resolved": "https://registry.npmjs.org/@vue/reactivity/-/reactivity-3.1.5.tgz",
      "integrity": "sha512-1tdfLmNjWG6t/CsPldh+foumYFo3cpyCHgBYQ34ylaMsJ+SNHQ1kApMIa8jN+i593zQuaw3AdWH0nJTARzCFhg==",
      "requires": {
        "@vue/shared": "3.1.5"
      }
    },
    "@vue/shared": {
      "version": "3.1.5",
      "resolved": "https://registry.npmjs.org/@vue/shared/-/shared-3.1.5.tgz",
      "integrity": "sha512-oJ4F3TnvpXaQwZJNF3ZK+kLPHKarDmJjJ6jyzVNDKH9md1dptjC7lWR//jrGuLdek/U6iltWxqAnYOu8gCiOvA=="
    },
    "alpinejs": {
      "version": "3.10.2",
      "resolved": "https://registry.npmjs.org/alpinejs/-/alpinejs-3.10.2.tgz",
      "integrity": "sha512-P6DTX78J94FgsskS3eS23s26hfb0NWQZUidBnkUK7fId1x64/kLm5E79lL3HNItUmHDCKOHvfP8EAcuCVab89w==",
      "requires": {
        "@vue/reactivity": "~3.1.1"
      }
    },
    "balanced-match": {
      "version": "0.4.2",
      "resolved": "https://registry.npmjs.org/balanced-match/-/balanced-match-0.4.2.tgz",
      "integrity": "sha512-STw03mQKnGUYtoNjmowo4F2cRmIIxYEGiMsjjwla/u5P1lxadj/05WkNaFjNiKTgJkj8KiXbgAiRTmcQRwQNtg=="
    },
    "classnames": {
      "version": "2.3.1",
      "resolved": "https://registry.npmjs.org/classnames/-/classnames-2.3.1.tgz",
      "integrity": "sha512-OlQdbZ7gLfGarSqxesMesDa5uz7KFbID8Kpq/SxIoNGDqY8lSYs0D+hhtBXhcdB3rcbXArFr7vlHheLk1voeNA=="
    },
    "csstype": {
      "version": "3.1.0",
      "resolved": "https://registry.npmjs.org/csstype/-/csstype-3.1.0.tgz",
      "integrity": "sha512-uX1KG+x9h5hIJsaKR9xHUeUraxf8IODOwq9JLNPq6BwB04a/xgpq3rcx47l5BZu5zBPlgD342tdke3Hom/nJRA=="
    },
    "d3-array": {
      "version": "3.1.6",
      "resolved": "https://registry.npmjs.org/d3-array/-/d3-array-3.1.6.tgz",
      "integrity": "sha512-DCbBBNuKOeiR9h04ySRBMW52TFVc91O9wJziuyXw6Ztmy8D3oZbmCkOO3UHKC7ceNJsN2Mavo9+vwV8EAEUXzA==",
      "requires": {
        "internmap": "1 - 2"
      }
    },
    "d3-color": {
      "version": "1.4.1",
      "resolved": "https://registry.npmjs.org/d3-color/-/d3-color-1.4.1.tgz",
      "integrity": "sha512-p2sTHSLCJI2QKunbGb7ocOh7DgTAn8IrLx21QRc/BSnodXM4sv6aLQlnfpvehFMLZEfBc6g9pH9SWQccFYfJ9Q=="
    },
    "d3-format": {
      "version": "2.0.0",
      "resolved": "https://registry.npmjs.org/d3-format/-/d3-format-2.0.0.tgz",
      "integrity": "sha512-Ab3S6XuE/Q+flY96HXT0jOXcM4EAClYFnRGY5zsjRGNy6qCYrQsMffs7cV5Q9xejb35zxW5hf/guKw34kvIKsA=="
    },
    "d3-interpolate": {
      "version": "1.4.0",
      "resolved": "https://registry.npmjs.org/d3-interpolate/-/d3-interpolate-1.4.0.tgz",
      "integrity": "sha512-V9znK0zc3jOPV4VD2zZn0sDhZU3WAE2bmlxdIwwQPPzPjvyLkd8B3JUVdS1IDUFDkWZ72c9qnv1GK2ZagTZ8EA==",
      "requires": {
        "d3-color": "1"
      }
    },
    "d3-path": {
      "version": "1.0.9",
      "resolved": "https://registry.npmjs.org/d3-path/-/d3-path-1.0.9.tgz",
      "integrity": "sha512-VLaYcn81dtHVTjEHd8B+pbe9yHWpXKZUC87PzoFmsFrJqgFwDe/qxfp5MlfsfM1V5E/iVt0MmEbWQ7FVIXh/bg=="
    },
    "d3-scale": {
      "version": "3.3.0",
      "resolved": "https://registry.npmjs.org/d3-scale/-/d3-scale-3.3.0.tgz",
      "integrity": "sha512-1JGp44NQCt5d1g+Yy+GeOnZP7xHo0ii8zsQp6PGzd+C1/dl0KGsp9A7Mxwp+1D1o4unbTTxVdU/ZOIEBoeZPbQ==",
      "requires": {
        "d3-array": "^2.3.0",
        "d3-format": "1 - 2",
        "d3-interpolate": "1.2.0 - 2",
        "d3-time": "^2.1.1",
        "d3-time-format": "2 - 3"
      },
      "dependencies": {
        "d3-array": {
          "version": "2.12.1",
          "resolved": "https://registry.npmjs.org/d3-array/-/d3-array-2.12.1.tgz",
          "integrity": "sha512-B0ErZK/66mHtEsR1TkPEEkwdy+WDesimkM5gpZr5Dsg54BiTA5RXtYW5qTLIAcekaS9xfZrzBLF/OAkB3Qn1YQ==",
          "requires": {
            "internmap": "^1.0.0"
          }
        },
        "internmap": {
          "version": "1.0.1",
          "resolved": "https://registry.npmjs.org/internmap/-/internmap-1.0.1.tgz",
          "integrity": "sha512-lDB5YccMydFBtasVtxnZ3MRBHuaoE8GKsppq+EchKL2U4nK/DmEpPHNH8MZe5HkMtpSiTSOZwfN0tzYjO/lJEw=="
        }
      }
    },
    "d3-shape": {
      "version": "1.3.7",
      "resolved": "https://registry.npmjs.org/d3-shape/-/d3-shape-1.3.7.tgz",
      "integrity": "sha512-EUkvKjqPFUAZyOlhY5gzCxCeI0Aep04LwIRpsZ/mLFelJiUfnK56jo5JMDSE7yyP2kLSb6LtF+S5chMk7uqPqw==",
      "requires": {
        "d3-path": "1"
      }
    },
    "d3-time": {
      "version": "2.1.1",
      "resolved": "https://registry.npmjs.org/d3-time/-/d3-time-2.1.1.tgz",
      "integrity": "sha512-/eIQe/eR4kCQwq7yxi7z4c6qEXf2IYGcjoWB5OOQy4Tq9Uv39/947qlDcN2TLkiTzQWzvnsuYPB9TrWaNfipKQ==",
      "requires": {
        "d3-array": "2"
      },
      "dependencies": {
        "d3-array": {
          "version": "2.12.1",
          "resolved": "https://registry.npmjs.org/d3-array/-/d3-array-2.12.1.tgz",
          "integrity": "sha512-B0ErZK/66mHtEsR1TkPEEkwdy+WDesimkM5gpZr5Dsg54BiTA5RXtYW5qTLIAcekaS9xfZrzBLF/OAkB3Qn1YQ==",
          "requires": {
            "internmap": "^1.0.0"
          }
        },
        "internmap": {
          "version": "1.0.1",
          "resolved": "https://registry.npmjs.org/internmap/-/internmap-1.0.1.tgz",
          "integrity": "sha512-lDB5YccMydFBtasVtxnZ3MRBHuaoE8GKsppq+EchKL2U4nK/DmEpPHNH8MZe5HkMtpSiTSOZwfN0tzYjO/lJEw=="
        }
      }
    },
    "d3-time-format": {
      "version": "3.0.0",
      "resolved": "https://registry.npmjs.org/d3-time-format/-/d3-time-format-3.0.0.tgz",
      "integrity": "sha512-UXJh6EKsHBTjopVqZBhFysQcoXSv/5yLONZvkQ5Kk3qbwiUYkdX17Xa1PT6U1ZWXGGfB1ey5L8dKMlFq2DO0Ag==",
      "requires": {
        "d3-time": "1 - 2"
      }
    },
    "debounce": {
      "version": "1.2.1",
      "resolved": "https://registry.npmjs.org/debounce/-/debounce-1.2.1.tgz",
      "integrity": "sha512-XRRe6Glud4rd/ZGQfiV1ruXSfbvfJedlV9Y6zOlP+2K04vBYiJEte6stfFkCP03aMnY5tsipamumUjL14fofug=="
    },
    "internmap": {
      "version": "2.0.3",
      "resolved": "https://registry.npmjs.org/internmap/-/internmap-2.0.3.tgz",
      "integrity": "sha512-5Hh7Y1wQbvY5ooGgPbDaL5iYLAPzMTUrjMulskHLH6wnv/A+1q5rgEaiuqEjB+oxGXIVZs1FF+R/KPN3ZSQYYg=="
    },
    "js-tokens": {
      "version": "4.0.0",
      "resolved": "https://registry.npmjs.org/js-tokens/-/js-tokens-4.0.0.tgz",
      "integrity": "sha512-RdJUflcE3cUzKiMqQgsCu06FPu9UdIJO0beYbPhHN4k6apgJtifcoCtT9bcxOpYBtpD2kCM6Sbzg4CausW/PKQ=="
    },
    "lodash": {
      "version": "4.17.21",
      "resolved": "https://registry.npmjs.org/lodash/-/lodash-4.17.21.tgz",
      "integrity": "sha512-v2kDEe57lecTulaDIuNTPy3Ry4gLGJ6Z1O3vE1krgXZNrsQ+LFTGHVxVjcXPs17LhbZVGedAJv8XZ1tvj5FvSg=="
    },
    "loose-envify": {
      "version": "1.4.0",
      "resolved": "https://registry.npmjs.org/loose-envify/-/loose-envify-1.4.0.tgz",
      "integrity": "sha512-lyuxPGr/Wfhrlem2CL/UcnUc1zcqKAImBDzukY7Y5F/yQiNdko6+fRLevlw1HgMySw7f611UIY408EtxRSoK3Q==",
      "requires": {
        "js-tokens": "^3.0.0 || ^4.0.0"
      }
    },
    "math-expression-evaluator": {
      "version": "1.3.14",
      "resolved": "https://registry.npmjs.org/math-expression-evaluator/-/math-expression-evaluator-1.3.14.tgz",
      "integrity": "sha512-M6AMrvq9bO8uL42KvQHPA2/SbAobA0R7gviUmPrcTcGfdwpaLitz4q2Euzx2lP9Oy88vxK3HOrsISgSwKsYS4A=="
    },
    "object-assign": {
      "version": "4.1.1",
      "resolved": "https://registry.npmjs.org/object-assign/-/object-assign-4.1.1.tgz",
      "integrity": "sha1-IQmtx5ZYh8/AXLvUQsrIv7s2CGM="
    },
    "prop-types": {
      "version": "15.8.1",
      "resolved": "https://registry.npmjs.org/prop-types/-/prop-types-15.8.1.tgz",
      "integrity": "sha512-oj87CgZICdulUohogVAR7AjlC0327U4el4L6eAvOqCeudMDVU0NThNaV+b9Df4dXgSP1gXMTnPdhfe/2qDH5cg==",
      "requires": {
        "loose-envify": "^1.4.0",
        "object-assign": "^4.1.1",
        "react-is": "^16.13.1"
      }
    },
    "react": {
      "version": "18.1.0",
      "resolved": "https://registry.npmjs.org/react/-/react-18.1.0.tgz",
      "integrity": "sha512-4oL8ivCz5ZEPyclFQXaNksK3adutVS8l2xzZU0cqEFrE9Sb7fC0EFK5uEk74wIreL1DERyjvsU915j1pcT2uEQ==",
      "requires": {
        "loose-envify": "^1.1.0"
      }
    },
    "react-dom": {
      "version": "18.1.0",
      "resolved": "https://registry.npmjs.org/react-dom/-/react-dom-18.1.0.tgz",
      "integrity": "sha512-fU1Txz7Budmvamp7bshe4Zi32d0ll7ect+ccxNu9FlObT605GOEB8BfO4tmRJ39R5Zj831VCpvQ05QPBW5yb+w==",
      "requires": {
        "loose-envify": "^1.1.0",
        "scheduler": "^0.22.0"
      }
    },
    "react-is": {
      "version": "16.13.1",
      "resolved": "https://registry.npmjs.org/react-is/-/react-is-16.13.1.tgz",
      "integrity": "sha512-24e6ynE2H+OKt4kqsOvNd8kBpV65zoxbA4BVsEOB3ARVWQki/DHzaUoC5KuON/BiccDaCCTZBuOcfZs70kR8bQ=="
    },
    "react-use-measure": {
      "version": "2.1.1",
      "resolved": "https://registry.npmjs.org/react-use-measure/-/react-use-measure-2.1.1.tgz",
      "integrity": "sha512-nocZhN26cproIiIduswYpV5y5lQpSQS1y/4KuvUCjSKmw7ZWIS/+g3aFnX3WdBkyuGUtTLif3UTqnLLhbDoQig==",
      "requires": {
        "debounce": "^1.2.1"
      }
    },
    "reduce-css-calc": {
      "version": "1.3.0",
      "resolved": "https://registry.npmjs.org/reduce-css-calc/-/reduce-css-calc-1.3.0.tgz",
      "integrity": "sha1-dHyRTgSWFKTJz7umKYca0dKSdxY=",
      "requires": {
        "balanced-match": "^0.4.2",
        "math-expression-evaluator": "^1.2.14",
        "reduce-function-call": "^1.0.1"
      }
    },
    "reduce-function-call": {
      "version": "1.0.3",
      "resolved": "https://registry.npmjs.org/reduce-function-call/-/reduce-function-call-1.0.3.tgz",
      "integrity": "sha512-Hl/tuV2VDgWgCSEeWMLwxLZqX7OK59eU1guxXsRKTAyeYimivsKdtcV4fu3r710tpG5GmDKDhQ0HSZLExnNmyQ==",
      "requires": {
        "balanced-match": "^1.0.0"
      },
      "dependencies": {
        "balanced-match": {
          "version": "1.0.2",
          "resolved": "https://registry.npmjs.org/balanced-match/-/balanced-match-1.0.2.tgz",
          "integrity": "sha512-3oSeUO0TMV67hN1AmbXsK4yaqU7tjiHlbxRDZOpH0KW9+CeX4bRAaX0Anxt0tx2MrpRpWwQaPwIlISEJhYU5Pw=="
        }
      }
    },
    "scheduler": {
      "version": "0.22.0",
      "resolved": "https://registry.npmjs.org/scheduler/-/scheduler-0.22.0.tgz",
      "integrity": "sha512-6QAm1BgQI88NPYymgGQLCZgvep4FyePDWFpXVK+zNSUgHwlqpJy8VEh8Et0KxTACS4VWwMousBElAZOH9nkkoQ==",
      "requires": {
        "loose-envify": "^1.1.0"
      }
    }
  }
}
